
Microsoft Visual Studio Solution File, Format Version 12.00
# Visual Studio 2013
VisualStudioVersion = 12.0.30723.0
MinimumVisualStudioVersion = 10.0.40219.1
Project("{8BC9CEB8-8B4A-11D0-8D11-00A0C91BC942}") = "dota2viz", "dota2viz.vcxproj", "{B330B7E4-06D7-4F89-8AFE-FD821811B59A}"
EndProject
Project("{8BC9CEB8-8B4A-11D0-8D11-00A0C91BC942}") = "dota2parse", "dota2parse\dota2parse.vcxproj", "{E51883A3-9F2D-4004-BBC7-550D9D81F7F9}"
EndProject
Global
	GlobalSection(SolutionConfigurationPlatforms) = preSolution
		Debug|Win32 = Debug|Win32
		Release|Win32 = Release|Win32
	EndGlobalSection
	GlobalSection(ProjectConfigurationPlatforms) = postSolution
		{B330B7E4-06D7-4F89-8AFE-FD821811B59A}.Debug|Win32.ActiveCfg = Debug|Win32
		{B330B7E4-06D7-4F89-8AFE-FD821811B59A}.Debug|Win32.Build.0 = Debug|Win32
		{B330B7E4-06D7-4F89-8AFE-FD821811B59A}.Release|Win32.ActiveCfg = Release|Win32
		{B330B7E4-06D7-4F89-8AFE-FD821811B59A}.Release|Win32.Build.0 = Release|Win32
		{E51883A3-9F2D-4004-BBC7-550D9D81F7F9}.Debug|Win32.ActiveCfg = Debug|Win32
		{E51883A3-9F2D-4004-BBC7-550D9D81F7F9}.Debug|Win32.Build.0 = Debug|Win32
		{E51883A3-9F2D-4004-BBC7-550D9D81F7F9}.Release|Win32.ActiveCfg = Release|Win32
		{E51883A3-9F2D-4004-BBC7-550D9D81F7F9}.Release|Win32.Build.0 = Release|Win32
	EndGlobalSection
	GlobalSection(SolutionProperties) = preSolution
		HideSolutionNode = FALSE
	EndGlobalSection
EndGlobal
