<?xml version="1.0" encoding="utf-8"?>
<Project ToolsVersion="4.0" xmlns="http://schemas.microsoft.com/developer/msbuild/2003">
  <ItemGroup>
    <ClCompile Include="..\deps\Alice\example\example.cpp" />
    <ClCompile Include="..\deps\heatmap\heatmap.c">
      <Filter>Heatmap</Filter>
    </ClCompile>
    <ClCompile Include="..\deps\heatmap\examples\lodepng.cpp">
      <Filter>Heatmap</Filter>
    </ClCompile>
    <ClCompile Include="..\deps\heatmap\colorschemes\Blues.c">
      <Filter>Heatmap</Filter>
    </ClCompile>
    <ClCompile Include="..\deps\heatmap\colorschemes\Reds.c">
      <Filter>Heatmap</Filter>
    </ClCompile>
    <ClCompile Include="..\deps\heatmap\colorschemes\Spectral.c">
      <Filter>Heatmap</Filter>
    </ClCompile>
    <ClCompile Include="..\src\viz\HeatmapManager.cpp" />
    <ClCompile Include="..\src\viz\main.cpp" />
    <ClCompile Include="..\src\viz\ReadCSV.cpp" />
  </ItemGroup>
  <ItemGroup>
    <Filter Include="Heatmap">
      <UniqueIdentifier>{80e585eb-380f-4be9-b67a-036856c3c509}</UniqueIdentifier>
    </Filter>
  </ItemGroup>
  <ItemGroup>
    <ClInclude Include="..\src\viz\HeatmapManager.h" />
    <ClInclude Include="..\src\viz\ReadCSV.h" />
  </ItemGroup>
</Project>